
Microsoft Visual Studio Solution File, Format Version 12.00
Project("{FAE04EC0-301F-11D3-BF4B-00C04F79EFBC}") = "bashforms", "bashforms\bashforms.csproj", "{B69077DC-45EA-4AEC-B01F-7DEFEB0738B3}"
EndProject
Project("{FAE04EC0-301F-11D3-BF4B-00C04F79EFBC}") = "bashforms_tests", "bashforms_tests\bashforms_tests.csproj", "{20DD02DF-B712-48E2-8D47-39D6B053A1AB}"
EndProject
Global
	GlobalSection(SolutionConfigurationPlatforms) = preSolution
		Debug|Any CPU = Debug|Any CPU
		Release|Any CPU = Release|Any CPU
	EndGlobalSection
	GlobalSection(ProjectConfigurationPlatforms) = postSolution
		{B69077DC-45EA-4AEC-B01F-7DEFEB0738B3}.Debug|Any CPU.ActiveCfg = Debug|Any CPU
		{B69077DC-45EA-4AEC-B01F-7DEFEB0738B3}.Debug|Any CPU.Build.0 = Debug|Any CPU
		{B69077DC-45EA-4AEC-B01F-7DEFEB0738B3}.Release|Any CPU.ActiveCfg = Release|Any CPU
		{B69077DC-45EA-4AEC-B01F-7DEFEB0738B3}.Release|Any CPU.Build.0 = Release|Any CPU
		{20DD02DF-B712-48E2-8D47-39D6B053A1AB}.Debug|Any CPU.ActiveCfg = Debug|Any CPU
		{20DD02DF-B712-48E2-8D47-39D6B053A1AB}.Debug|Any CPU.Build.0 = Debug|Any CPU
		{20DD02DF-B712-48E2-8D47-39D6B053A1AB}.Release|Any CPU.ActiveCfg = Release|Any CPU
		{20DD02DF-B712-48E2-8D47-39D6B053A1AB}.Release|Any CPU.Build.0 = Release|Any CPU
	EndGlobalSection
EndGlobal
